{
  "name": "rfid",
  "version": "0.0.0",
  "lockfileVersion": 1,
  "requires": true,
  "dependencies": {
    "rfid-pn532": {
      "version": "0.1.9",
      "resolved": "https://registry.npmjs.org/rfid-pn532/-/rfid-pn532-0.1.9.tgz",
      "integrity": "sha1-EVnH+wvd7l8+rJHM3h3dpHCHkrA="
    }
  }
}
